
Microsoft Visual Studio Solution File, Format Version 12.00
# Visual Studio Version 16
VisualStudioVersion = 16.0.30907.101
MinimumVisualStudioVersion = 10.0.40219.1
Project("{FAE04EC0-301F-11D3-BF4B-00C04F79EFBC}") = "DesktopApp", "DesktopApp\DesktopApp.csproj", "{1C28415F-6204-4FF0-8DA6-80C45C798B22}"
EndProject
Global
	GlobalSection(SolutionConfigurationPlatforms) = preSolution
		Debug|Any CPU = Debug|Any CPU
		Release|Any CPU = Release|Any CPU
	EndGlobalSection
	GlobalSection(ProjectConfigurationPlatforms) = postSolution
		{1C28415F-6204-4FF0-8DA6-80C45C798B22}.Debug|Any CPU.ActiveCfg = Debug|Any CPU
		{1C28415F-6204-4FF0-8DA6-80C45C798B22}.Debug|Any CPU.Build.0 = Debug|Any CPU
		{1C28415F-6204-4FF0-8DA6-80C45C798B22}.Release|Any CPU.ActiveCfg = Release|Any CPU
		{1C28415F-6204-4FF0-8DA6-80C45C798B22}.Release|Any CPU.Build.0 = Release|Any CPU
	EndGlobalSection
	GlobalSection(SolutionProperties) = preSolution
		HideSolutionNode = FALSE
	EndGlobalSection
	GlobalSection(ExtensibilityGlobals) = postSolution
		SolutionGuid = {AD2791E0-9C50-42AB-9EB2-29AA50D4FAE4}
	EndGlobalSection
EndGlobal
